
Microsoft Visual Studio Solution File, Format Version 12.00
# Visual Studio Version 17
VisualStudioVersion = 17.12.35728.132
MinimumVisualStudioVersion = 10.0.40219.1
Project("{FAE04EC0-301F-11D3-BF4B-00C04F79EFBC}") = "MCCS", "src\MCCS\MCCS.csproj", "{2C7B8B03-4B3D-43CC-9B79-29F16E1E5DF8}"
EndProject
Project("{FAE04EC0-301F-11D3-BF4B-00C04F79EFBC}") = "MCCS.UserControl", "src\MCCS.UserControl\MCCS.UserControl.csproj", "{CF32C9D0-42FC-4FD5-A43E-FAF787AE8161}"
EndProject
Project("{FAE04EC0-301F-11D3-BF4B-00C04F79EFBC}") = "MCCS.Example", "examples\MCCS.Example\MCCS.Example.csproj", "{36C51B27-1393-4F64-AB78-A8F3843B67CA}"
EndProject
Project("{FAE04EC0-301F-11D3-BF4B-00C04F79EFBC}") = "MCCS.Collecter", "src\MCCS.Collecter\MCCS.Collecter.csproj", "{02FB1F64-C031-4EB5-BE9E-FC881763D3AC}"
EndProject
Project("{FAE04EC0-301F-11D3-BF4B-00C04F79EFBC}") = "MCCS.UnitTest", "tests\MCCS.UnitTest\MCCS.UnitTest.csproj", "{69E5E519-5AD8-4309-95B6-F8CBAD86AE9D}"
EndProject
Project("{FAE04EC0-301F-11D3-BF4B-00C04F79EFBC}") = "MCCS.WorkflowSetting", "src\MCCS.WorkflowSetting\MCCS.WorkflowSetting.csproj", "{3B9661B1-054B-4775-94CC-F56470B376A8}"
EndProject
Project("{FAE04EC0-301F-11D3-BF4B-00C04F79EFBC}") = "MCCS.Infrastructure", "src\MCCS.Infrastructure\MCCS.Infrastructure.csproj", "{9C1C53BD-5EF5-4E81-9F72-E6328E55EB10}"
EndProject
Project("{2150E333-8FDC-42A3-9474-1A3956D46DE8}") = "src", "src", "{98ABC4BB-C4AF-47DE-94F7-2ED22B82B6AE}"
EndProject
Project("{2150E333-8FDC-42A3-9474-1A3956D46DE8}") = "Examples", "Examples", "{02EA681E-C7D8-13C7-8484-4AC65E1B71E8}"
EndProject
Project("{FAE04EC0-301F-11D3-BF4B-00C04F79EFBC}") = "MCCS.Dll.Example", "examples\MCCS.Dll.Example\MCCS.Dll.Example.csproj", "{BC5CCD18-8FD7-4F3C-9524-7B8EA9F08090}"
EndProject
Project("{2150E333-8FDC-42A3-9474-1A3956D46DE8}") = "Solution Items", "Solution Items", "{D9F0516A-4EB6-405F-A39E-3D91EFDA6751}"
	ProjectSection(SolutionItems) = preProject
		.editorconfig = .editorconfig
		todolist.txt = todolist.txt
	EndProjectSection
EndProject
Project("{2150E333-8FDC-42A3-9474-1A3956D46DE8}") = "tests", "tests", "{D53D9430-C42D-4163-9D64-D0058CBEC4FC}"
EndProject
Global
	GlobalSection(SolutionConfigurationPlatforms) = preSolution
		Debug|Any CPU = Debug|Any CPU
		Debug|x64 = Debug|x64
		Debug|x86 = Debug|x86
		Release|Any CPU = Release|Any CPU
		Release|x64 = Release|x64
		Release|x86 = Release|x86
	EndGlobalSection
	GlobalSection(ProjectConfigurationPlatforms) = postSolution
		{2C7B8B03-4B3D-43CC-9B79-29F16E1E5DF8}.Debug|Any CPU.ActiveCfg = Debug|Any CPU
		{2C7B8B03-4B3D-43CC-9B79-29F16E1E5DF8}.Debug|Any CPU.Build.0 = Debug|Any CPU
		{2C7B8B03-4B3D-43CC-9B79-29F16E1E5DF8}.Debug|x64.ActiveCfg = Debug|x64
		{2C7B8B03-4B3D-43CC-9B79-29F16E1E5DF8}.Debug|x64.Build.0 = Debug|x64
		{2C7B8B03-4B3D-43CC-9B79-29F16E1E5DF8}.Debug|x86.ActiveCfg = Debug|Any CPU
		{2C7B8B03-4B3D-43CC-9B79-29F16E1E5DF8}.Debug|x86.Build.0 = Debug|Any CPU
		{2C7B8B03-4B3D-43CC-9B79-29F16E1E5DF8}.Release|Any CPU.ActiveCfg = Release|Any CPU
		{2C7B8B03-4B3D-43CC-9B79-29F16E1E5DF8}.Release|Any CPU.Build.0 = Release|Any CPU
		{2C7B8B03-4B3D-43CC-9B79-29F16E1E5DF8}.Release|x64.ActiveCfg = Release|x64
		{2C7B8B03-4B3D-43CC-9B79-29F16E1E5DF8}.Release|x64.Build.0 = Release|x64
		{2C7B8B03-4B3D-43CC-9B79-29F16E1E5DF8}.Release|x86.ActiveCfg = Release|Any CPU
		{2C7B8B03-4B3D-43CC-9B79-29F16E1E5DF8}.Release|x86.Build.0 = Release|Any CPU
		{CF32C9D0-42FC-4FD5-A43E-FAF787AE8161}.Debug|Any CPU.ActiveCfg = Debug|Any CPU
		{CF32C9D0-42FC-4FD5-A43E-FAF787AE8161}.Debug|Any CPU.Build.0 = Debug|Any CPU
		{CF32C9D0-42FC-4FD5-A43E-FAF787AE8161}.Debug|x64.ActiveCfg = Debug|Any CPU
		{CF32C9D0-42FC-4FD5-A43E-FAF787AE8161}.Debug|x64.Build.0 = Debug|Any CPU
		{CF32C9D0-42FC-4FD5-A43E-FAF787AE8161}.Debug|x86.ActiveCfg = Debug|Any CPU
		{CF32C9D0-42FC-4FD5-A43E-FAF787AE8161}.Debug|x86.Build.0 = Debug|Any CPU
		{CF32C9D0-42FC-4FD5-A43E-FAF787AE8161}.Release|Any CPU.ActiveCfg = Release|Any CPU
		{CF32C9D0-42FC-4FD5-A43E-FAF787AE8161}.Release|Any CPU.Build.0 = Release|Any CPU
		{CF32C9D0-42FC-4FD5-A43E-FAF787AE8161}.Release|x64.ActiveCfg = Release|Any CPU
		{CF32C9D0-42FC-4FD5-A43E-FAF787AE8161}.Release|x64.Build.0 = Release|Any CPU
		{CF32C9D0-42FC-4FD5-A43E-FAF787AE8161}.Release|x86.ActiveCfg = Release|Any CPU
		{CF32C9D0-42FC-4FD5-A43E-FAF787AE8161}.Release|x86.Build.0 = Release|Any CPU
		{36C51B27-1393-4F64-AB78-A8F3843B67CA}.Debug|Any CPU.ActiveCfg = Debug|Any CPU
		{36C51B27-1393-4F64-AB78-A8F3843B67CA}.Debug|Any CPU.Build.0 = Debug|Any CPU
		{36C51B27-1393-4F64-AB78-A8F3843B67CA}.Debug|x64.ActiveCfg = Debug|Any CPU
		{36C51B27-1393-4F64-AB78-A8F3843B67CA}.Debug|x64.Build.0 = Debug|Any CPU
		{36C51B27-1393-4F64-AB78-A8F3843B67CA}.Debug|x86.ActiveCfg = Debug|Any CPU
		{36C51B27-1393-4F64-AB78-A8F3843B67CA}.Debug|x86.Build.0 = Debug|Any CPU
		{36C51B27-1393-4F64-AB78-A8F3843B67CA}.Release|Any CPU.ActiveCfg = Release|Any CPU
		{36C51B27-1393-4F64-AB78-A8F3843B67CA}.Release|Any CPU.Build.0 = Release|Any CPU
		{36C51B27-1393-4F64-AB78-A8F3843B67CA}.Release|x64.ActiveCfg = Release|Any CPU
		{36C51B27-1393-4F64-AB78-A8F3843B67CA}.Release|x64.Build.0 = Release|Any CPU
		{36C51B27-1393-4F64-AB78-A8F3843B67CA}.Release|x86.ActiveCfg = Release|Any CPU
		{36C51B27-1393-4F64-AB78-A8F3843B67CA}.Release|x86.Build.0 = Release|Any CPU
		{02FB1F64-C031-4EB5-BE9E-FC881763D3AC}.Debug|Any CPU.ActiveCfg = Debug|Any CPU
		{02FB1F64-C031-4EB5-BE9E-FC881763D3AC}.Debug|Any CPU.Build.0 = Debug|Any CPU
		{02FB1F64-C031-4EB5-BE9E-FC881763D3AC}.Debug|x64.ActiveCfg = Debug|Any CPU
		{02FB1F64-C031-4EB5-BE9E-FC881763D3AC}.Debug|x64.Build.0 = Debug|Any CPU
		{02FB1F64-C031-4EB5-BE9E-FC881763D3AC}.Debug|x86.ActiveCfg = Debug|Any CPU
		{02FB1F64-C031-4EB5-BE9E-FC881763D3AC}.Debug|x86.Build.0 = Debug|Any CPU
		{02FB1F64-C031-4EB5-BE9E-FC881763D3AC}.Release|Any CPU.ActiveCfg = Release|Any CPU
		{02FB1F64-C031-4EB5-BE9E-FC881763D3AC}.Release|Any CPU.Build.0 = Release|Any CPU
		{02FB1F64-C031-4EB5-BE9E-FC881763D3AC}.Release|x64.ActiveCfg = Release|Any CPU
		{02FB1F64-C031-4EB5-BE9E-FC881763D3AC}.Release|x64.Build.0 = Release|Any CPU
		{02FB1F64-C031-4EB5-BE9E-FC881763D3AC}.Release|x86.ActiveCfg = Release|Any CPU
		{02FB1F64-C031-4EB5-BE9E-FC881763D3AC}.Release|x86.Build.0 = Release|Any CPU
		{69E5E519-5AD8-4309-95B6-F8CBAD86AE9D}.Debug|Any CPU.ActiveCfg = Debug|Any CPU
		{69E5E519-5AD8-4309-95B6-F8CBAD86AE9D}.Debug|Any CPU.Build.0 = Debug|Any CPU
		{69E5E519-5AD8-4309-95B6-F8CBAD86AE9D}.Debug|x64.ActiveCfg = Debug|Any CPU
		{69E5E519-5AD8-4309-95B6-F8CBAD86AE9D}.Debug|x64.Build.0 = Debug|Any CPU
		{69E5E519-5AD8-4309-95B6-F8CBAD86AE9D}.Debug|x86.ActiveCfg = Debug|Any CPU
		{69E5E519-5AD8-4309-95B6-F8CBAD86AE9D}.Debug|x86.Build.0 = Debug|Any CPU
		{69E5E519-5AD8-4309-95B6-F8CBAD86AE9D}.Release|Any CPU.ActiveCfg = Release|Any CPU
		{69E5E519-5AD8-4309-95B6-F8CBAD86AE9D}.Release|Any CPU.Build.0 = Release|Any CPU
		{69E5E519-5AD8-4309-95B6-F8CBAD86AE9D}.Release|x64.ActiveCfg = Release|Any CPU
		{69E5E519-5AD8-4309-95B6-F8CBAD86AE9D}.Release|x64.Build.0 = Release|Any CPU
		{69E5E519-5AD8-4309-95B6-F8CBAD86AE9D}.Release|x86.ActiveCfg = Release|Any CPU
		{69E5E519-5AD8-4309-95B6-F8CBAD86AE9D}.Release|x86.Build.0 = Release|Any CPU
		{3B9661B1-054B-4775-94CC-F56470B376A8}.Debug|Any CPU.ActiveCfg = Debug|Any CPU
		{3B9661B1-054B-4775-94CC-F56470B376A8}.Debug|Any CPU.Build.0 = Debug|Any CPU
		{3B9661B1-054B-4775-94CC-F56470B376A8}.Debug|x64.ActiveCfg = Debug|Any CPU
		{3B9661B1-054B-4775-94CC-F56470B376A8}.Debug|x64.Build.0 = Debug|Any CPU
		{3B9661B1-054B-4775-94CC-F56470B376A8}.Debug|x86.ActiveCfg = Debug|Any CPU
		{3B9661B1-054B-4775-94CC-F56470B376A8}.Debug|x86.Build.0 = Debug|Any CPU
		{3B9661B1-054B-4775-94CC-F56470B376A8}.Release|Any CPU.ActiveCfg = Release|Any CPU
		{3B9661B1-054B-4775-94CC-F56470B376A8}.Release|Any CPU.Build.0 = Release|Any CPU
		{3B9661B1-054B-4775-94CC-F56470B376A8}.Release|x64.ActiveCfg = Release|Any CPU
		{3B9661B1-054B-4775-94CC-F56470B376A8}.Release|x64.Build.0 = Release|Any CPU
		{3B9661B1-054B-4775-94CC-F56470B376A8}.Release|x86.ActiveCfg = Release|Any CPU
		{3B9661B1-054B-4775-94CC-F56470B376A8}.Release|x86.Build.0 = Release|Any CPU
		{9C1C53BD-5EF5-4E81-9F72-E6328E55EB10}.Debug|Any CPU.ActiveCfg = Debug|Any CPU
		{9C1C53BD-5EF5-4E81-9F72-E6328E55EB10}.Debug|Any CPU.Build.0 = Debug|Any CPU
		{9C1C53BD-5EF5-4E81-9F72-E6328E55EB10}.Debug|x64.ActiveCfg = Debug|Any CPU
		{9C1C53BD-5EF5-4E81-9F72-E6328E55EB10}.Debug|x64.Build.0 = Debug|Any CPU
		{9C1C53BD-5EF5-4E81-9F72-E6328E55EB10}.Debug|x86.ActiveCfg = Debug|Any CPU
		{9C1C53BD-5EF5-4E81-9F72-E6328E55EB10}.Debug|x86.Build.0 = Debug|Any CPU
		{9C1C53BD-5EF5-4E81-9F72-E6328E55EB10}.Release|Any CPU.ActiveCfg = Release|Any CPU
		{9C1C53BD-5EF5-4E81-9F72-E6328E55EB10}.Release|Any CPU.Build.0 = Release|Any CPU
		{9C1C53BD-5EF5-4E81-9F72-E6328E55EB10}.Release|x64.ActiveCfg = Release|Any CPU
		{9C1C53BD-5EF5-4E81-9F72-E6328E55EB10}.Release|x64.Build.0 = Release|Any CPU
		{9C1C53BD-5EF5-4E81-9F72-E6328E55EB10}.Release|x86.ActiveCfg = Release|Any CPU
		{BC5CCD18-8FD7-4F3C-9524-7B8EA9F08090}.Debug|Any CPU.ActiveCfg = Debug|Any CPU
		{BC5CCD18-8FD7-4F3C-9524-7B8EA9F08090}.Debug|Any CPU.Build.0 = Debug|Any CPU
		{BC5CCD18-8FD7-4F3C-9524-7B8EA9F08090}.Debug|x64.ActiveCfg = Debug|Any CPU
		{BC5CCD18-8FD7-4F3C-9524-7B8EA9F08090}.Debug|x64.Build.0 = Debug|Any CPU
		{BC5CCD18-8FD7-4F3C-9524-7B8EA9F08090}.Debug|x86.ActiveCfg = Debug|Any CPU
		{BC5CCD18-8FD7-4F3C-9524-7B8EA9F08090}.Debug|x86.Build.0 = Debug|Any CPU
		{BC5CCD18-8FD7-4F3C-9524-7B8EA9F08090}.Release|Any CPU.ActiveCfg = Release|Any CPU
		{BC5CCD18-8FD7-4F3C-9524-7B8EA9F08090}.Release|Any CPU.Build.0 = Release|Any CPU
		{BC5CCD18-8FD7-4F3C-9524-7B8EA9F08090}.Release|x64.ActiveCfg = Release|Any CPU
		{BC5CCD18-8FD7-4F3C-9524-7B8EA9F08090}.Release|x64.Build.0 = Release|Any CPU
		{BC5CCD18-8FD7-4F3C-9524-7B8EA9F08090}.Release|x86.ActiveCfg = Release|Any CPU
		{BC5CCD18-8FD7-4F3C-9524-7B8EA9F08090}.Release|x86.Build.0 = Release|Any CPU
	EndGlobalSection
	GlobalSection(SolutionProperties) = preSolution
		HideSolutionNode = FALSE
	EndGlobalSection
	GlobalSection(NestedProjects) = preSolution
		{2C7B8B03-4B3D-43CC-9B79-29F16E1E5DF8} = {98ABC4BB-C4AF-47DE-94F7-2ED22B82B6AE}
		{CF32C9D0-42FC-4FD5-A43E-FAF787AE8161} = {98ABC4BB-C4AF-47DE-94F7-2ED22B82B6AE}
		{36C51B27-1393-4F64-AB78-A8F3843B67CA} = {02EA681E-C7D8-13C7-8484-4AC65E1B71E8}
		{02FB1F64-C031-4EB5-BE9E-FC881763D3AC} = {98ABC4BB-C4AF-47DE-94F7-2ED22B82B6AE}
		{69E5E519-5AD8-4309-95B6-F8CBAD86AE9D} = {D53D9430-C42D-4163-9D64-D0058CBEC4FC}
		{3B9661B1-054B-4775-94CC-F56470B376A8} = {98ABC4BB-C4AF-47DE-94F7-2ED22B82B6AE}
		{9C1C53BD-5EF5-4E81-9F72-E6328E55EB10} = {98ABC4BB-C4AF-47DE-94F7-2ED22B82B6AE}
		{BC5CCD18-8FD7-4F3C-9524-7B8EA9F08090} = {02EA681E-C7D8-13C7-8484-4AC65E1B71E8}
	EndGlobalSection
	GlobalSection(ExtensibilityGlobals) = postSolution
		SolutionGuid = {ABD1FA07-AAD9-4848-A4C7-4D1C8C918C83}
	EndGlobalSection
EndGlobal
